
Microsoft Visual Studio Solution File, Format Version 12.00
# Visual Studio 15
VisualStudioVersion = 15.0.27130.2027
MinimumVisualStudioVersion = 10.0.40219.1
Project("{FAE04EC0-301F-11D3-BF4B-00C04F79EFBC}") = "ConsoleApp6", "ConsoleApp6\ConsoleApp6.csproj", "{41C707A5-CD1A-438E-9DE1-A367DFEBEE71}"
EndProject
Global
	GlobalSection(SolutionConfigurationPlatforms) = preSolution
		Debug|Any CPU = Debug|Any CPU
		Release|Any CPU = Release|Any CPU
	EndGlobalSection
	GlobalSection(ProjectConfigurationPlatforms) = postSolution
		{41C707A5-CD1A-438E-9DE1-A367DFEBEE71}.Debug|Any CPU.ActiveCfg = Debug|Any CPU
		{41C707A5-CD1A-438E-9DE1-A367DFEBEE71}.Debug|Any CPU.Build.0 = Debug|Any CPU
		{41C707A5-CD1A-438E-9DE1-A367DFEBEE71}.Release|Any CPU.ActiveCfg = Release|Any CPU
		{41C707A5-CD1A-438E-9DE1-A367DFEBEE71}.Release|Any CPU.Build.0 = Release|Any CPU
	EndGlobalSection
	GlobalSection(SolutionProperties) = preSolution
		HideSolutionNode = FALSE
	EndGlobalSection
	GlobalSection(ExtensibilityGlobals) = postSolution
		SolutionGuid = {8BC339B5-23A3-440E-9D14-28D1B21FC3E0}
	EndGlobalSection
EndGlobal
